// !$*UTF8*$!
{
	archiveVersion = 1;
	classes = {
	};
	objectVersion = 46;
	objects = {

/* Begin PBXAggregateTarget section */
		C66CF0E71996788500E444A5 /* Documentation */ = {
			isa = PBXAggregateTarget;
			buildConfigurationList = C66CF0E81996788500E444A5 /* Build configuration list for PBXAggregateTarget "Documentation" */;
			buildPhases = (
				C66CF0EB199678F300E444A5 /* ShellScript */,
			);
			dependencies = (
			);
			name = Documentation;
			productName = Documentation;
		};
/* End PBXAggregateTarget section */

/* Begin PBXBuildFile section */
		C66CF08F199675E100E444A5 /* Foundation.framework in Frameworks */ = {isa = PBXBuildFile; fileRef = C66CF08E199675E100E444A5 /* Foundation.framework */; };
		C66CF0CE1996766200E444A5 /* MVPDFReport.m in Sources */ = {isa = PBXBuildFile; fileRef = C66CF0B61996766200E444A5 /* MVPDFReport.m */; };
		C66CF0CF1996766200E444A5 /* MVReport.m in Sources */ = {isa = PBXBuildFile; fileRef = C66CF0B81996766200E444A5 /* MVReport.m */; };
		C66CF0D01996766200E444A5 /* MVReportMarkupTextFormatter.m in Sources */ = {isa = PBXBuildFile; fileRef = C66CF0BA1996766200E444A5 /* MVReportMarkupTextFormatter.m */; };
		C66CF0D11996766200E444A5 /* MVReportPageElement.m in Sources */ = {isa = PBXBuildFile; fileRef = C66CF0BD1996766200E444A5 /* MVReportPageElement.m */; };
		C66CF0D21996766200E444A5 /* MVReportPageInfo.m in Sources */ = {isa = PBXBuildFile; fileRef = C66CF0BF1996766200E444A5 /* MVReportPageInfo.m */; };
		C66CF0D31996766200E444A5 /* MVReportPageRenderer.m in Sources */ = {isa = PBXBuildFile; fileRef = C66CF0C21996766200E444A5 /* MVReportPageRenderer.m */; };
		C66CF0D41996766200E444A5 /* MVReportSection.m in Sources */ = {isa = PBXBuildFile; fileRef = C66CF0C51996766200E444A5 /* MVReportSection.m */; };
		C66CF0D51996766200E444A5 /* MVReportSectionElement.m in Sources */ = {isa = PBXBuildFile; fileRef = C66CF0C81996766200E444A5 /* MVReportSectionElement.m */; };
		C66CF0D61996766200E444A5 /* MVReportSimpleTextFormatter.m in Sources */ = {isa = PBXBuildFile; fileRef = C66CF0CA1996766200E444A5 /* MVReportSimpleTextFormatter.m */; };
		C66CF0D71996766200E444A5 /* MVReportTextFormatter.m in Sources */ = {isa = PBXBuildFile; fileRef = C66CF0CD1996766200E444A5 /* MVReportTextFormatter.m */; };
		C66CF0D9199676B200E444A5 /* MVPDFReport.h in CopyFiles */ = {isa = PBXBuildFile; fileRef = C66CF0B51996766200E444A5 /* MVPDFReport.h */; };
		C66CF0DA199676B200E444A5 /* MVReport.h in CopyFiles */ = {isa = PBXBuildFile; fileRef = C66CF0B71996766200E444A5 /* MVReport.h */; };
		C66CF0DB199676B200E444A5 /* MVReportMarkupTextFormatter.h in CopyFiles */ = {isa = PBXBuildFile; fileRef = C66CF0B91996766200E444A5 /* MVReportMarkupTextFormatter.h */; };
		C66CF0DC199676B200E444A5 /* MVReportPageElement.h in CopyFiles */ = {isa = PBXBuildFile; fileRef = C66CF0BC1996766200E444A5 /* MVReportPageElement.h */; };
		C66CF0DD199676B200E444A5 /* MVReportPageInfo.h in CopyFiles */ = {isa = PBXBuildFile; fileRef = C66CF0BE1996766200E444A5 /* MVReportPageInfo.h */; };
		C66CF0DE199676B200E444A5 /* MVReportPageRenderer.h in CopyFiles */ = {isa = PBXBuildFile; fileRef = C66CF0C11996766200E444A5 /* MVReportPageRenderer.h */; };
		C66CF0DF199676B200E444A5 /* MVReportSection.h in CopyFiles */ = {isa = PBXBuildFile; fileRef = C66CF0C41996766200E444A5 /* MVReportSection.h */; };
		C66CF0E0199676B200E444A5 /* MVReportSectionElement.h in CopyFiles */ = {isa = PBXBuildFile; fileRef = C66CF0C71996766200E444A5 /* MVReportSectionElement.h */; };
		C66CF0E1199676B200E444A5 /* MVReportSimpleTextFormatter.h in CopyFiles */ = {isa = PBXBuildFile; fileRef = C66CF0C91996766200E444A5 /* MVReportSimpleTextFormatter.h */; };
		C66CF0E2199676B200E444A5 /* MVReportTextFormatter.h in CopyFiles */ = {isa = PBXBuildFile; fileRef = C66CF0CC1996766200E444A5 /* MVReportTextFormatter.h */; };
		C66CF0E61996781200E444A5 /* MVReport-iOS.h in CopyFiles */ = {isa = PBXBuildFile; fileRef = C66CF0E51996772E00E444A5 /* MVReport-iOS.h */; };
/* End PBXBuildFile section */

/* Begin PBXCopyFilesBuildPhase section */
		C66CF089199675E100E444A5 /* CopyFiles */ = {
			isa = PBXCopyFilesBuildPhase;
			buildActionMask = 2147483647;
			dstPath = "include/$(PRODUCT_NAME)";
			dstSubfolderSpec = 16;
			files = (
				C66CF0E61996781200E444A5 /* MVReport-iOS.h in CopyFiles */,
				C66CF0D9199676B200E444A5 /* MVPDFReport.h in CopyFiles */,
				C66CF0DA199676B200E444A5 /* MVReport.h in CopyFiles */,
				C66CF0DB199676B200E444A5 /* MVReportMarkupTextFormatter.h in CopyFiles */,
				C66CF0DC199676B200E444A5 /* MVReportPageElement.h in CopyFiles */,
				C66CF0DD199676B200E444A5 /* MVReportPageInfo.h in CopyFiles */,
				C66CF0DE199676B200E444A5 /* MVReportPageRenderer.h in CopyFiles */,
				C66CF0DF199676B200E444A5 /* MVReportSection.h in CopyFiles */,
				C66CF0E0199676B200E444A5 /* MVReportSectionElement.h in CopyFiles */,
				C66CF0E1199676B200E444A5 /* MVReportSimpleTextFormatter.h in CopyFiles */,
				C66CF0E2199676B200E444A5 /* MVReportTextFormatter.h in CopyFiles */,
			);
			runOnlyForDeploymentPostprocessing = 0;
		};
/* End PBXCopyFilesBuildPhase section */

/* Begin PBXFileReference section */
		C66CF08B199675E100E444A5 /* libMVReport-iOS.a */ = {isa = PBXFileReference; explicitFileType = archive.ar; includeInIndex = 0; path = "libMVReport-iOS.a"; sourceTree = BUILT_PRODUCTS_DIR; };
		C66CF08E199675E100E444A5 /* Foundation.framework */ = {isa = PBXFileReference; lastKnownFileType = wrapper.framework; name = Foundation.framework; path = System/Library/Frameworks/Foundation.framework; sourceTree = SDKROOT; };
		C66CF09C199675E100E444A5 /* XCTest.framework */ = {isa = PBXFileReference; lastKnownFileType = wrapper.framework; name = XCTest.framework; path = Library/Frameworks/XCTest.framework; sourceTree = DEVELOPER_DIR; };
		C66CF09F199675E100E444A5 /* UIKit.framework */ = {isa = PBXFileReference; lastKnownFileType = wrapper.framework; name = UIKit.framework; path = Library/Frameworks/UIKit.framework; sourceTree = DEVELOPER_DIR; };
		C66CF0B51996766200E444A5 /* MVPDFReport.h */ = {isa = PBXFileReference; fileEncoding = 4; lastKnownFileType = sourcecode.c.h; path = MVPDFReport.h; sourceTree = "<group>"; };
		C66CF0B61996766200E444A5 /* MVPDFReport.m */ = {isa = PBXFileReference; fileEncoding = 4; lastKnownFileType = sourcecode.c.objc; path = MVPDFReport.m; sourceTree = "<group>"; };
		C66CF0B71996766200E444A5 /* MVReport.h */ = {isa = PBXFileReference; fileEncoding = 4; lastKnownFileType = sourcecode.c.h; path = MVReport.h; sourceTree = "<group>"; };
		C66CF0B81996766200E444A5 /* MVReport.m */ = {isa = PBXFileReference; fileEncoding = 4; lastKnownFileType = sourcecode.c.objc; path = MVReport.m; sourceTree = "<group>"; };
		C66CF0B91996766200E444A5 /* MVReportMarkupTextFormatter.h */ = {isa = PBXFileReference; fileEncoding = 4; lastKnownFileType = sourcecode.c.h; path = MVReportMarkupTextFormatter.h; sourceTree = "<group>"; };
		C66CF0BA1996766200E444A5 /* MVReportMarkupTextFormatter.m */ = {isa = PBXFileReference; fileEncoding = 4; lastKnownFileType = sourcecode.c.objc; path = MVReportMarkupTextFormatter.m; sourceTree = "<group>"; };
		C66CF0BB1996766200E444A5 /* MVReportPageElement+Private.h */ = {isa = PBXFileReference; fileEncoding = 4; lastKnownFileType = sourcecode.c.h; path = "MVReportPageElement+Private.h"; sourceTree = "<group>"; };
		C66CF0BC1996766200E444A5 /* MVReportPageElement.h */ = {isa = PBXFileReference; fileEncoding = 4; lastKnownFileType = sourcecode.c.h; path = MVReportPageElement.h; sourceTree = "<group>"; };
		C66CF0BD1996766200E444A5 /* MVReportPageElement.m */ = {isa = PBXFileReference; fileEncoding = 4; lastKnownFileType = sourcecode.c.objc; path = MVReportPageElement.m; sourceTree = "<group>"; };
		C66CF0BE1996766200E444A5 /* MVReportPageInfo.h */ = {isa = PBXFileReference; fileEncoding = 4; lastKnownFileType = sourcecode.c.h; path = MVReportPageInfo.h; sourceTree = "<group>"; };
		C66CF0BF1996766200E444A5 /* MVReportPageInfo.m */ = {isa = PBXFileReference; fileEncoding = 4; lastKnownFileType = sourcecode.c.objc; path = MVReportPageInfo.m; sourceTree = "<group>"; };
		C66CF0C01996766200E444A5 /* MVReportPageRenderer+Private.h */ = {isa = PBXFileReference; fileEncoding = 4; lastKnownFileType = sourcecode.c.h; path = "MVReportPageRenderer+Private.h"; sourceTree = "<group>"; };
		C66CF0C11996766200E444A5 /* MVReportPageRenderer.h */ = {isa = PBXFileReference; fileEncoding = 4; lastKnownFileType = sourcecode.c.h; path = MVReportPageRenderer.h; sourceTree = "<group>"; };
		C66CF0C21996766200E444A5 /* MVReportPageRenderer.m */ = {isa = PBXFileReference; fileEncoding = 4; lastKnownFileType = sourcecode.c.objc; path = MVReportPageRenderer.m; sourceTree = "<group>"; };
		C66CF0C31996766200E444A5 /* MVReportSection+Private.h */ = {isa = PBXFileReference; fileEncoding = 4; lastKnownFileType = sourcecode.c.h; path = "MVReportSection+Private.h"; sourceTree = "<group>"; };
		C66CF0C41996766200E444A5 /* MVReportSection.h */ = {isa = PBXFileReference; fileEncoding = 4; lastKnownFileType = sourcecode.c.h; path = MVReportSection.h; sourceTree = "<group>"; };
		C66CF0C51996766200E444A5 /* MVReportSection.m */ = {isa = PBXFileReference; fileEncoding = 4; lastKnownFileType = sourcecode.c.objc; path = MVReportSection.m; sourceTree = "<group>"; };
		C66CF0C61996766200E444A5 /* MVReportSectionElement+Private.h */ = {isa = PBXFileReference; fileEncoding = 4; lastKnownFileType = sourcecode.c.h; path = "MVReportSectionElement+Private.h"; sourceTree = "<group>"; };
		C66CF0C71996766200E444A5 /* MVReportSectionElement.h */ = {isa = PBXFileReference; fileEncoding = 4; lastKnownFileType = sourcecode.c.h; path = MVReportSectionElement.h; sourceTree = "<group>"; };
		C66CF0C81996766200E444A5 /* MVReportSectionElement.m */ = {isa = PBXFileReference; fileEncoding = 4; lastKnownFileType = sourcecode.c.objc; path = MVReportSectionElement.m; sourceTree = "<group>"; };
		C66CF0C91996766200E444A5 /* MVReportSimpleTextFormatter.h */ = {isa = PBXFileReference; fileEncoding = 4; lastKnownFileType = sourcecode.c.h; path = MVReportSimpleTextFormatter.h; sourceTree = "<group>"; };
		C66CF0CA1996766200E444A5 /* MVReportSimpleTextFormatter.m */ = {isa = PBXFileReference; fileEncoding = 4; lastKnownFileType = sourcecode.c.objc; path = MVReportSimpleTextFormatter.m; sourceTree = "<group>"; };
		C66CF0CB1996766200E444A5 /* MVReportTextFormatter+Private.h */ = {isa = PBXFileReference; fileEncoding = 4; lastKnownFileType = sourcecode.c.h; path = "MVReportTextFormatter+Private.h"; sourceTree = "<group>"; };
		C66CF0CC1996766200E444A5 /* MVReportTextFormatter.h */ = {isa = PBXFileReference; fileEncoding = 4; lastKnownFileType = sourcecode.c.h; path = MVReportTextFormatter.h; sourceTree = "<group>"; };
		C66CF0CD1996766200E444A5 /* MVReportTextFormatter.m */ = {isa = PBXFileReference; fileEncoding = 4; lastKnownFileType = sourcecode.c.objc; path = MVReportTextFormatter.m; sourceTree = "<group>"; };
		C66CF0E51996772E00E444A5 /* MVReport-iOS.h */ = {isa = PBXFileReference; lastKnownFileType = sourcecode.c.h; path = "MVReport-iOS.h"; sourceTree = "<group>"; };
/* End PBXFileReference section */

/* Begin PBXFrameworksBuildPhase section */
		C66CF088199675E100E444A5 /* Frameworks */ = {
			isa = PBXFrameworksBuildPhase;
			buildActionMask = 2147483647;
			files = (
				C66CF08F199675E100E444A5 /* Foundation.framework in Frameworks */,
			);
			runOnlyForDeploymentPostprocessing = 0;
		};
/* End PBXFrameworksBuildPhase section */

/* Begin PBXGroup section */
		C66CF082199675E100E444A5 = {
			isa = PBXGroup;
			children = (
				C66CF0B41996766200E444A5 /* MVReport */,
				C66CF08D199675E100E444A5 /* Frameworks */,
				C66CF08C199675E100E444A5 /* Products */,
			);
			sourceTree = "<group>";
		};
		C66CF08C199675E100E444A5 /* Products */ = {
			isa = PBXGroup;
			children = (
				C66CF08B199675E100E444A5 /* libMVReport-iOS.a */,
			);
			name = Products;
			sourceTree = "<group>";
		};
		C66CF08D199675E100E444A5 /* Frameworks */ = {
			isa = PBXGroup;
			children = (
				C66CF08E199675E100E444A5 /* Foundation.framework */,
				C66CF09C199675E100E444A5 /* XCTest.framework */,
				C66CF09F199675E100E444A5 /* UIKit.framework */,
			);
			name = Frameworks;
			sourceTree = "<group>";
		};
		C66CF0B41996766200E444A5 /* MVReport */ = {
			isa = PBXGroup;
			children = (
				C66CF0E51996772E00E444A5 /* MVReport-iOS.h */,
				C66CF0B71996766200E444A5 /* MVReport.h */,
				C66CF0B81996766200E444A5 /* MVReport.m */,
				C66CF0B51996766200E444A5 /* MVPDFReport.h */,
				C66CF0B61996766200E444A5 /* MVPDFReport.m */,
				C66CF0BE1996766200E444A5 /* MVReportPageInfo.h */,
				C66CF0BF1996766200E444A5 /* MVReportPageInfo.m */,
				C66CF0BC1996766200E444A5 /* MVReportPageElement.h */,
				C66CF0BB1996766200E444A5 /* MVReportPageElement+Private.h */,
				C66CF0BD1996766200E444A5 /* MVReportPageElement.m */,
				C66CF0CC1996766200E444A5 /* MVReportTextFormatter.h */,
				C66CF0CD1996766200E444A5 /* MVReportTextFormatter.m */,
				C66CF0C91996766200E444A5 /* MVReportSimpleTextFormatter.h */,
				C66CF0CA1996766200E444A5 /* MVReportSimpleTextFormatter.m */,
				C66CF0CB1996766200E444A5 /* MVReportTextFormatter+Private.h */,
				C66CF0B91996766200E444A5 /* MVReportMarkupTextFormatter.h */,
				C66CF0BA1996766200E444A5 /* MVReportMarkupTextFormatter.m */,
				C66CF0C11996766200E444A5 /* MVReportPageRenderer.h */,
				C66CF0C01996766200E444A5 /* MVReportPageRenderer+Private.h */,
				C66CF0C21996766200E444A5 /* MVReportPageRenderer.m */,
				C66CF0C41996766200E444A5 /* MVReportSection.h */,
				C66CF0C31996766200E444A5 /* MVReportSection+Private.h */,
				C66CF0C51996766200E444A5 /* MVReportSection.m */,
				C66CF0C71996766200E444A5 /* MVReportSectionElement.h */,
				C66CF0C61996766200E444A5 /* MVReportSectionElement+Private.h */,
				C66CF0C81996766200E444A5 /* MVReportSectionElement.m */,
			);
			path = MVReport;
			sourceTree = "<group>";
		};
/* End PBXGroup section */

/* Begin PBXNativeTarget section */
		C66CF08A199675E100E444A5 /* MVReport-iOS */ = {
			isa = PBXNativeTarget;
			buildConfigurationList = C66CF0AE199675E100E444A5 /* Build configuration list for PBXNativeTarget "MVReport-iOS" */;
			buildPhases = (
				C66CF087199675E100E444A5 /* Sources */,
				C66CF088199675E100E444A5 /* Frameworks */,
				C66CF089199675E100E444A5 /* CopyFiles */,
			);
			buildRules = (
			);
			dependencies = (
			);
			name = "MVReport-iOS";
			productName = "MVReport-iOS";
			productReference = C66CF08B199675E100E444A5 /* libMVReport-iOS.a */;
			productType = "com.apple.product-type.library.static";
		};
/* End PBXNativeTarget section */

/* Begin PBXProject section */
		C66CF083199675E100E444A5 /* Project object */ = {
			isa = PBXProject;
			attributes = {
				LastUpgradeCheck = 0510;
				ORGANIZATIONNAME = Moroverse;
			};
			buildConfigurationList = C66CF086199675E100E444A5 /* Build configuration list for PBXProject "MVReport-iOS" */;
			compatibilityVersion = "Xcode 3.2";
			developmentRegion = English;
			hasScannedForEncodings = 0;
			knownRegions = (
				en,
			);
			mainGroup = C66CF082199675E100E444A5;
			productRefGroup = C66CF08C199675E100E444A5 /* Products */;
			projectDirPath = "";
			projectRoot = "";
			targets = (
				C66CF08A199675E100E444A5 /* MVReport-iOS */,
				C66CF0E71996788500E444A5 /* Documentation */,
			);
		};
/* End PBXProject section */

/* Begin PBXShellScriptBuildPhase section */
		C66CF0EB199678F300E444A5 /* ShellScript */ = {
			isa = PBXShellScriptBuildPhase;
			buildActionMask = 2147483647;
			files = (
			);
			inputPaths = (
			);
			outputPaths = (
			);
			runOnlyForDeploymentPostprocessing = 0;
			shellPath = /bin/sh;
			shellScript = "#appledoc Xcode script\n# Start constants\ncompany=\"Moroverse\";\ncompanyID=\"com.moroverse\";\ncompanyURL=\"http://www.moroverse.com\";\ntarget=\"iphoneos\";\n#target=\"macosx\";\noutputPath=\"~/help\";\n# End constants\n/usr/bin/appledoc \\\n--project-name \"${PROJECT_NAME}\" \\\n--project-company \"${company}\" \\\n--company-id \"${companyID}\" \\\n--docset-atom-filename \"${company}.atom\" \\\n--docset-feed-url \"${companyURL}/${company}/%DOCSETATOMFILENAME\" \\\n--docset-package-url \"${companyURL}/${company}/%DOCSETPACKAGEFILENAME\" \\\n--docset-fallback-url \"${companyURL}/${company}\" \\\n--output \"${outputPath}\" \\\n--publish-docset \\\n--docset-platform-family \"${target}\" \\\n--logformat xcode \\\n--keep-intermediate-files \\\n--no-repeat-first-par \\\n--no-warn-invalid-crossref \\\n--exit-threshold 2 \\\n--ignore Example \\\n--ignore Tests \\\n\"${PROJECT_DIR}\"";
		};
/* End PBXShellScriptBuildPhase section */

/* Begin PBXSourcesBuildPhase section */
		C66CF087199675E100E444A5 /* Sources */ = {
			isa = PBXSourcesBuildPhase;
			buildActionMask = 2147483647;
			files = (
				C66CF0D31996766200E444A5 /* MVReportPageRenderer.m in Sources */,
				C66CF0D51996766200E444A5 /* MVReportSectionElement.m in Sources */,
				C66CF0D71996766200E444A5 /* MVReportTextFormatter.m in Sources */,
				C66CF0D21996766200E444A5 /* MVReportPageInfo.m in Sources */,
				C66CF0CF1996766200E444A5 /* MVReport.m in Sources */,
				C66CF0CE1996766200E444A5 /* MVPDFReport.m in Sources */,
				C66CF0D11996766200E444A5 /* MVReportPageElement.m in Sources */,
				C66CF0D01996766200E444A5 /* MVReportMarkupTextFormatter.m in Sources */,
				C66CF0D61996766200E444A5 /* MVReportSimpleTextFormatter.m in Sources */,
				C66CF0D41996766200E444A5 /* MVReportSection.m in Sources */,
			);
			runOnlyForDeploymentPostprocessing = 0;
		};
/* End PBXSourcesBuildPhase section */

/* Begin XCBuildConfiguration section */
		C66CF0AC199675E100E444A5 /* Debug */ = {
			isa = XCBuildConfiguration;
			buildSettings = {
				ALWAYS_SEARCH_USER_PATHS = NO;
				CLANG_CXX_LANGUAGE_STANDARD = "gnu++0x";
				CLANG_CXX_LIBRARY = "libc++";
				CLANG_ENABLE_MODULES = YES;
				CLANG_ENABLE_OBJC_ARC = YES;
				CLANG_WARN_BOOL_CONVERSION = YES;
				CLANG_WARN_CONSTANT_CONVERSION = YES;
				CLANG_WARN_DIRECT_OBJC_ISA_USAGE = YES_ERROR;
				CLANG_WARN_EMPTY_BODY = YES;
				CLANG_WARN_ENUM_CONVERSION = YES;
				CLANG_WARN_INT_CONVERSION = YES;
				CLANG_WARN_OBJC_ROOT_CLASS = YES_ERROR;
				CLANG_WARN__DUPLICATE_METHOD_MATCH = YES;
				COPY_PHASE_STRIP = NO;
				GCC_C_LANGUAGE_STANDARD = gnu99;
				GCC_DYNAMIC_NO_PIC = NO;
				GCC_OPTIMIZATION_LEVEL = 0;
				GCC_PREPROCESSOR_DEFINITIONS = (
					"DEBUG=1",
					"$(inherited)",
				);
				GCC_SYMBOLS_PRIVATE_EXTERN = NO;
				GCC_WARN_64_TO_32_BIT_CONVERSION = YES;
				GCC_WARN_ABOUT_RETURN_TYPE = YES_ERROR;
				GCC_WARN_UNDECLARED_SELECTOR = YES;
				GCC_WARN_UNINITIALIZED_AUTOS = YES_AGGRESSIVE;
				GCC_WARN_UNUSED_FUNCTION = YES;
				GCC_WARN_UNUSED_VARIABLE = YES;
				IPHONEOS_DEPLOYMENT_TARGET = 7.1;
				ONLY_ACTIVE_ARCH = YES;
				SDKROOT = iphoneos;
			};
			name = Debug;
		};
		C66CF0AD199675E100E444A5 /* Release */ = {
			isa = XCBuildConfiguration;
			buildSettings = {
				ALWAYS_SEARCH_USER_PATHS = NO;
				CLANG_CXX_LANGUAGE_STANDARD = "gnu++0x";
				CLANG_CXX_LIBRARY = "libc++";
				CLANG_ENABLE_MODULES = YES;
				CLANG_ENABLE_OBJC_ARC = YES;
				CLANG_WARN_BOOL_CONVERSION = YES;
				CLANG_WARN_CONSTANT_CONVERSION = YES;
				CLANG_WARN_DIRECT_OBJC_ISA_USAGE = YES_ERROR;
				CLANG_WARN_EMPTY_BODY = YES;
				CLANG_WARN_ENUM_CONVERSION = YES;
				CLANG_WARN_INT_CONVERSION = YES;
				CLANG_WARN_OBJC_ROOT_CLASS = YES_ERROR;
				CLANG_WARN__DUPLICATE_METHOD_MATCH = YES;
				COPY_PHASE_STRIP = YES;
				ENABLE_NS_ASSERTIONS = NO;
				GCC_C_LANGUAGE_STANDARD = gnu99;
				GCC_WARN_64_TO_32_BIT_CONVERSION = YES;
				GCC_WARN_ABOUT_RETURN_TYPE = YES_ERROR;
				GCC_WARN_UNDECLARED_SELECTOR = YES;
				GCC_WARN_UNINITIALIZED_AUTOS = YES_AGGRESSIVE;
				GCC_WARN_UNUSED_FUNCTION = YES;
				GCC_WARN_UNUSED_VARIABLE = YES;
				IPHONEOS_DEPLOYMENT_TARGET = 7.1;
				SDKROOT = iphoneos;
				VALIDATE_PRODUCT = YES;
			};
			name = Release;
		};
		C66CF0AF199675E100E444A5 /* Debug */ = {
			isa = XCBuildConfiguration;
			buildSettings = {
				DSTROOT = /tmp/MVReport_iOS.dst;
				GCC_PRECOMPILE_PREFIX_HEADER = YES;
				GCC_PREFIX_HEADER = "";
				OTHER_LDFLAGS = "-ObjC";
				PRODUCT_NAME = "$(TARGET_NAME)";
				SKIP_INSTALL = YES;
			};
			name = Debug;
		};
		C66CF0B0199675E100E444A5 /* Release */ = {
			isa = XCBuildConfiguration;
			buildSettings = {
				DSTROOT = /tmp/MVReport_iOS.dst;
				GCC_PRECOMPILE_PREFIX_HEADER = YES;
				GCC_PREFIX_HEADER = "";
				OTHER_LDFLAGS = "-ObjC";
				PRODUCT_NAME = "$(TARGET_NAME)";
				SKIP_INSTALL = YES;
			};
			name = Release;
		};
		C66CF0E91996788500E444A5 /* Debug */ = {
			isa = XCBuildConfiguration;
			buildSettings = {
				PRODUCT_NAME = "$(TARGET_NAME)";
			};
			name = Debug;
		};
		C66CF0EA1996788500E444A5 /* Release */ = {
			isa = XCBuildConfiguration;
			buildSettings = {
				PRODUCT_NAME = "$(TARGET_NAME)";
			};
			name = Release;
		};
/* End XCBuildConfiguration section */

/* Begin XCConfigurationList section */
		C66CF086199675E100E444A5 /* Build configuration list for PBXProject "MVReport-iOS" */ = {
			isa = XCConfigurationList;
			buildConfigurations = (
				C66CF0AC199675E100E444A5 /* Debug */,
				C66CF0AD199675E100E444A5 /* Release */,
			);
			defaultConfigurationIsVisible = 0;
			defaultConfigurationName = Release;
		};
		C66CF0AE199675E100E444A5 /* Build configuration list for PBXNativeTarget "MVReport-iOS" */ = {
			isa = XCConfigurationList;
			buildConfigurations = (
				C66CF0AF199675E100E444A5 /* Debug */,
				C66CF0B0199675E100E444A5 /* Release */,
			);
			defaultConfigurationIsVisible = 0;
			defaultConfigurationName = Release;
		};
		C66CF0E81996788500E444A5 /* Build configuration list for PBXAggregateTarget "Documentation" */ = {
			isa = XCConfigurationList;
			buildConfigurations = (
				C66CF0E91996788500E444A5 /* Debug */,
				C66CF0EA1996788500E444A5 /* Release */,
			);
			defaultConfigurationIsVisible = 0;
			defaultConfigurationName = Release;
		};
/* End XCConfigurationList section */
	};
	rootObject = C66CF083199675E100E444A5 /* Project object */;
}
